// !$*UTF8*$!
{
	archiveVersion = 1;
	classes = {
	};
	objectVersion = 55;
	objects = {

/* Begin PBXBuildFile section */
		46248C5C288856DE001C5D49 /* NavigationController.swift in Sources */ = {isa = PBXBuildFile; fileRef = 46248C5B288856DE001C5D49 /* NavigationController.swift */; };
		46248C5E2888573D001C5D49 /* SceneDelegate.swift in Sources */ = {isa = PBXBuildFile; fileRef = 46248C5D2888573D001C5D49 /* SceneDelegate.swift */; };
		463154E8287B13ED00AE0FC5 /* AppDelegate.swift in Sources */ = {isa = PBXBuildFile; fileRef = 463154E7287B13ED00AE0FC5 /* AppDelegate.swift */; };
		463154EF287B13ED00AE0FC5 /* Main.storyboard in Resources */ = {isa = PBXBuildFile; fileRef = 463154ED287B13ED00AE0FC5 /* Main.storyboard */; };
		463154F1287B13F000AE0FC5 /* Assets.xcassets in Resources */ = {isa = PBXBuildFile; fileRef = 463154F0287B13F000AE0FC5 /* Assets.xcassets */; };
		463154F4287B13F000AE0FC5 /* LaunchScreen.storyboard in Resources */ = {isa = PBXBuildFile; fileRef = 463154F2287B13F000AE0FC5 /* LaunchScreen.storyboard */; };
		463154FC287B161500AE0FC5 /* MainVC.swift in Sources */ = {isa = PBXBuildFile; fileRef = 463154FB287B161500AE0FC5 /* MainVC.swift */; };
		464289502880304200EC4E6E /* StorageManager.swift in Sources */ = {isa = PBXBuildFile; fileRef = 4642894F2880304200EC4E6E /* StorageManager.swift */; };
		468A1B58287EFB1400B413A0 /* CustomTableViewCell.swift in Sources */ = {isa = PBXBuildFile; fileRef = 468A1B57287EFB1400B413A0 /* CustomTableViewCell.swift */; };
		468A1B5A287F08E000B413A0 /* Place.swift in Sources */ = {isa = PBXBuildFile; fileRef = 468A1B59287F08E000B413A0 /* Place.swift */; };
		468A1B5C287F0D9200B413A0 /* DataInputScreen.swift in Sources */ = {isa = PBXBuildFile; fileRef = 468A1B5B287F0D9200B413A0 /* DataInputScreen.swift */; };
		46B61D742885B5B000EEA1FC /* Extensions.swift in Sources */ = {isa = PBXBuildFile; fileRef = 46B61D732885B5B000EEA1FC /* Extensions.swift */; };
		46B61D762885C44F00EEA1FC /* MapViewController.swift in Sources */ = {isa = PBXBuildFile; fileRef = 46B61D752885C44F00EEA1FC /* MapViewController.swift */; };
		6AC17CFBA0D72FA8A693869D /* Pods_Places.framework in Frameworks */ = {isa = PBXBuildFile; fileRef = 8E302C400B4F92E15672B4BE /* Pods_Places.framework */; };
/* End PBXBuildFile section */

/* Begin PBXFileReference section */
		46248C5B288856DE001C5D49 /* NavigationController.swift */ = {isa = PBXFileReference; lastKnownFileType = sourcecode.swift; name = NavigationController.swift; path = "/Users/georgia/Desktop/iOSDev/UIKit/Places/Places/Small Classes/NavigationController.swift"; sourceTree = "<absolute>"; };
		46248C5D2888573D001C5D49 /* SceneDelegate.swift */ = {isa = PBXFileReference; fileEncoding = 4; lastKnownFileType = sourcecode.swift; path = SceneDelegate.swift; sourceTree = "<group>"; };
		463154E4287B13ED00AE0FC5 /* Places.app */ = {isa = PBXFileReference; explicitFileType = wrapper.application; includeInIndex = 0; path = Places.app; sourceTree = BUILT_PRODUCTS_DIR; };
		463154E7287B13ED00AE0FC5 /* AppDelegate.swift */ = {isa = PBXFileReference; lastKnownFileType = sourcecode.swift; path = AppDelegate.swift; sourceTree = "<group>"; };
		463154EE287B13ED00AE0FC5 /* Base */ = {isa = PBXFileReference; lastKnownFileType = file.storyboard; name = Base; path = Base.lproj/Main.storyboard; sourceTree = "<group>"; };
		463154F0287B13F000AE0FC5 /* Assets.xcassets */ = {isa = PBXFileReference; lastKnownFileType = folder.assetcatalog; path = Assets.xcassets; sourceTree = "<group>"; };
		463154F3287B13F000AE0FC5 /* Base */ = {isa = PBXFileReference; lastKnownFileType = file.storyboard; name = Base; path = Base.lproj/LaunchScreen.storyboard; sourceTree = "<group>"; };
		463154F5287B13F000AE0FC5 /* Info.plist */ = {isa = PBXFileReference; lastKnownFileType = text.plist.xml; path = Info.plist; sourceTree = "<group>"; };
		463154FB287B161500AE0FC5 /* MainVC.swift */ = {isa = PBXFileReference; lastKnownFileType = sourcecode.swift; path = MainVC.swift; sourceTree = "<group>"; };
		4642894F2880304200EC4E6E /* StorageManager.swift */ = {isa = PBXFileReference; lastKnownFileType = sourcecode.swift; path = StorageManager.swift; sourceTree = "<group>"; };
		468A1B57287EFB1400B413A0 /* CustomTableViewCell.swift */ = {isa = PBXFileReference; lastKnownFileType = sourcecode.swift; path = CustomTableViewCell.swift; sourceTree = "<group>"; };
		468A1B59287F08E000B413A0 /* Place.swift */ = {isa = PBXFileReference; lastKnownFileType = sourcecode.swift; path = Place.swift; sourceTree = "<group>"; };
		468A1B5B287F0D9200B413A0 /* DataInputScreen.swift */ = {isa = PBXFileReference; lastKnownFileType = sourcecode.swift; path = DataInputScreen.swift; sourceTree = "<group>"; };
		46B61D732885B5B000EEA1FC /* Extensions.swift */ = {isa = PBXFileReference; lastKnownFileType = sourcecode.swift; path = Extensions.swift; sourceTree = "<group>"; };
		46B61D752885C44F00EEA1FC /* MapViewController.swift */ = {isa = PBXFileReference; lastKnownFileType = sourcecode.swift; path = MapViewController.swift; sourceTree = "<group>"; };
		8E302C400B4F92E15672B4BE /* Pods_Places.framework */ = {isa = PBXFileReference; explicitFileType = wrapper.framework; includeInIndex = 0; path = Pods_Places.framework; sourceTree = BUILT_PRODUCTS_DIR; };
		DE4C232F10E96B37C492B7E2 /* Pods-Places.debug.xcconfig */ = {isa = PBXFileReference; includeInIndex = 1; lastKnownFileType = text.xcconfig; name = "Pods-Places.debug.xcconfig"; path = "Target Support Files/Pods-Places/Pods-Places.debug.xcconfig"; sourceTree = "<group>"; };
		E00A7327995E2943ACFAF060 /* Pods-Places.release.xcconfig */ = {isa = PBXFileReference; includeInIndex = 1; lastKnownFileType = text.xcconfig; name = "Pods-Places.release.xcconfig"; path = "Target Support Files/Pods-Places/Pods-Places.release.xcconfig"; sourceTree = "<group>"; };
/* End PBXFileReference section */

/* Begin PBXFrameworksBuildPhase section */
		463154E1287B13ED00AE0FC5 /* Frameworks */ = {
			isa = PBXFrameworksBuildPhase;
			buildActionMask = 2147483647;
			files = (
				6AC17CFBA0D72FA8A693869D /* Pods_Places.framework in Frameworks */,
			);
			runOnlyForDeploymentPostprocessing = 0;
		};
/* End PBXFrameworksBuildPhase section */

/* Begin PBXGroup section */
		46248C5A28881FFF001C5D49 /* Small Classes */ = {
			isa = PBXGroup;
			children = (
				46248C5B288856DE001C5D49 /* NavigationController.swift */,
				468A1B57287EFB1400B413A0 /* CustomTableViewCell.swift */,
				468A1B59287F08E000B413A0 /* Place.swift */,
				46248C5D2888573D001C5D49 /* SceneDelegate.swift */,
				46B61D732885B5B000EEA1FC /* Extensions.swift */,
				4642894F2880304200EC4E6E /* StorageManager.swift */,
			);
			path = "Small Classes";
			sourceTree = "<group>";
		};
		463154DB287B13ED00AE0FC5 = {
			isa = PBXGroup;
			children = (
				463154E6287B13ED00AE0FC5 /* Places */,
				463154E5287B13ED00AE0FC5 /* Products */,
				CA2F49CF84F0AFE40A643C2B /* Pods */,
				66F4F09BDBA64019DEB18D32 /* Frameworks */,
			);
			sourceTree = "<group>";
		};
		463154E5287B13ED00AE0FC5 /* Products */ = {
			isa = PBXGroup;
			children = (
				463154E4287B13ED00AE0FC5 /* Places.app */,
			);
			name = Products;
			sourceTree = "<group>";
		};
		463154E6287B13ED00AE0FC5 /* Places */ = {
			isa = PBXGroup;
			children = (
				463154E7287B13ED00AE0FC5 /* AppDelegate.swift */,
				463154FB287B161500AE0FC5 /* MainVC.swift */,
				468A1B5B287F0D9200B413A0 /* DataInputScreen.swift */,
				46B61D752885C44F00EEA1FC /* MapViewController.swift */,
				46248C5A28881FFF001C5D49 /* Small Classes */,
				463154ED287B13ED00AE0FC5 /* Main.storyboard */,
				463154F0287B13F000AE0FC5 /* Assets.xcassets */,
				463154F2287B13F000AE0FC5 /* LaunchScreen.storyboard */,
				463154F5287B13F000AE0FC5 /* Info.plist */,
			);
			path = Places;
			sourceTree = "<group>";
		};
		66F4F09BDBA64019DEB18D32 /* Frameworks */ = {
			isa = PBXGroup;
			children = (
				8E302C400B4F92E15672B4BE /* Pods_Places.framework */,
			);
			name = Frameworks;
			sourceTree = "<group>";
		};
		CA2F49CF84F0AFE40A643C2B /* Pods */ = {
			isa = PBXGroup;
			children = (
				DE4C232F10E96B37C492B7E2 /* Pods-Places.debug.xcconfig */,
				E00A7327995E2943ACFAF060 /* Pods-Places.release.xcconfig */,
			);
			path = Pods;
			sourceTree = "<group>";
		};
/* End PBXGroup section */

/* Begin PBXNativeTarget section */
		463154E3287B13ED00AE0FC5 /* Places */ = {
			isa = PBXNativeTarget;
			buildConfigurationList = 463154F8287B13F000AE0FC5 /* Build configuration list for PBXNativeTarget "Places" */;
			buildPhases = (
				EAC58E4911A8C296A777E9AC /* [CP] Check Pods Manifest.lock */,
				463154E0287B13ED00AE0FC5 /* Sources */,
				463154E1287B13ED00AE0FC5 /* Frameworks */,
				463154E2287B13ED00AE0FC5 /* Resources */,
				C73127B509ADC9A5411947BD /* [CP] Embed Pods Frameworks */,
			);
			buildRules = (
			);
			dependencies = (
			);
			name = Places;
			productName = Places;
			productReference = 463154E4287B13ED00AE0FC5 /* Places.app */;
			productType = "com.apple.product-type.application";
		};
/* End PBXNativeTarget section */

/* Begin PBXProject section */
		463154DC287B13ED00AE0FC5 /* Project object */ = {
			isa = PBXProject;
			attributes = {
				BuildIndependentTargetsInParallel = 1;
				LastSwiftUpdateCheck = 1330;
				LastUpgradeCheck = 1330;
				TargetAttributes = {
					463154E3287B13ED00AE0FC5 = {
						CreatedOnToolsVersion = 13.3.1;
					};
				};
			};
			buildConfigurationList = 463154DF287B13ED00AE0FC5 /* Build configuration list for PBXProject "Places" */;
			compatibilityVersion = "Xcode 13.0";
			developmentRegion = en;
			hasScannedForEncodings = 0;
			knownRegions = (
				en,
				Base,
			);
			mainGroup = 463154DB287B13ED00AE0FC5;
			packageReferences = (
				46F0A75628803D800003B236 /* XCRemoteSwiftPackageReference "realm-swift" */,
			);
			productRefGroup = 463154E5287B13ED00AE0FC5 /* Products */;
			projectDirPath = "";
			projectRoot = "";
			targets = (
				463154E3287B13ED00AE0FC5 /* Places */,
			);
		};
/* End PBXProject section */

/* Begin PBXResourcesBuildPhase section */
		463154E2287B13ED00AE0FC5 /* Resources */ = {
			isa = PBXResourcesBuildPhase;
			buildActionMask = 2147483647;
			files = (
				463154F4287B13F000AE0FC5 /* LaunchScreen.storyboard in Resources */,
				463154F1287B13F000AE0FC5 /* Assets.xcassets in Resources */,
				463154EF287B13ED00AE0FC5 /* Main.storyboard in Resources */,
			);
			runOnlyForDeploymentPostprocessing = 0;
		};
/* End PBXResourcesBuildPhase section */

/* Begin PBXShellScriptBuildPhase section */
		C73127B509ADC9A5411947BD /* [CP] Embed Pods Frameworks */ = {
			isa = PBXShellScriptBuildPhase;
			buildActionMask = 2147483647;
			files = (
			);
			inputFileListPaths = (
				"${PODS_ROOT}/Target Support Files/Pods-Places/Pods-Places-frameworks-${CONFIGURATION}-input-files.xcfilelist",
			);
			name = "[CP] Embed Pods Frameworks";
			outputFileListPaths = (
				"${PODS_ROOT}/Target Support Files/Pods-Places/Pods-Places-frameworks-${CONFIGURATION}-output-files.xcfilelist",
			);
			runOnlyForDeploymentPostprocessing = 0;
			shellPath = /bin/sh;
			shellScript = "\"${PODS_ROOT}/Target Support Files/Pods-Places/Pods-Places-frameworks.sh\"\n";
			showEnvVarsInLog = 0;
		};
		EAC58E4911A8C296A777E9AC /* [CP] Check Pods Manifest.lock */ = {
			isa = PBXShellScriptBuildPhase;
			buildActionMask = 2147483647;
			files = (
			);
			inputFileListPaths = (
			);
			inputPaths = (
				"${PODS_PODFILE_DIR_PATH}/Podfile.lock",
				"${PODS_ROOT}/Manifest.lock",
			);
			name = "[CP] Check Pods Manifest.lock";
			outputFileListPaths = (
			);
			outputPaths = (
				"$(DERIVED_FILE_DIR)/Pods-Places-checkManifestLockResult.txt",
			);
			runOnlyForDeploymentPostprocessing = 0;
			shellPath = /bin/sh;
			shellScript = "diff \"${PODS_PODFILE_DIR_PATH}/Podfile.lock\" \"${PODS_ROOT}/Manifest.lock\" > /dev/null\nif [ $? != 0 ] ; then\n    # print error to STDERR\n    echo \"error: The sandbox is not in sync with the Podfile.lock. Run 'pod install' or update your CocoaPods installation.\" >&2\n    exit 1\nfi\n# This output is used by Xcode 'outputs' to avoid re-running this script phase.\necho \"SUCCESS\" > \"${SCRIPT_OUTPUT_FILE_0}\"\n";
			showEnvVarsInLog = 0;
		};
/* End PBXShellScriptBuildPhase section */

/* Begin PBXSourcesBuildPhase section */
		463154E0287B13ED00AE0FC5 /* Sources */ = {
			isa = PBXSourcesBuildPhase;
			buildActionMask = 2147483647;
			files = (
				463154E8287B13ED00AE0FC5 /* AppDelegate.swift in Sources */,
				463154FC287B161500AE0FC5 /* MainVC.swift in Sources */,
				468A1B58287EFB1400B413A0 /* CustomTableViewCell.swift in Sources */,
				464289502880304200EC4E6E /* StorageManager.swift in Sources */,
				46B61D762885C44F00EEA1FC /* MapViewController.swift in Sources */,
				46248C5E2888573D001C5D49 /* SceneDelegate.swift in Sources */,
				46B61D742885B5B000EEA1FC /* Extensions.swift in Sources */,
				46248C5C288856DE001C5D49 /* NavigationController.swift in Sources */,
				468A1B5C287F0D9200B413A0 /* DataInputScreen.swift in Sources */,
				468A1B5A287F08E000B413A0 /* Place.swift in Sources */,
			);
			runOnlyForDeploymentPostprocessing = 0;
		};
/* End PBXSourcesBuildPhase section */

/* Begin PBXVariantGroup section */
		463154ED287B13ED00AE0FC5 /* Main.storyboard */ = {
			isa = PBXVariantGroup;
			children = (
				463154EE287B13ED00AE0FC5 /* Base */,
			);
			name = Main.storyboard;
			sourceTree = "<group>";
		};
		463154F2287B13F000AE0FC5 /* LaunchScreen.storyboard */ = {
			isa = PBXVariantGroup;
			children = (
				463154F3287B13F000AE0FC5 /* Base */,
			);
			name = LaunchScreen.storyboard;
			sourceTree = "<group>";
		};
/* End PBXVariantGroup section */

/* Begin XCBuildConfiguration section */
		463154F6287B13F000AE0FC5 /* Debug */ = {
			isa = XCBuildConfiguration;
			buildSettings = {
				ALWAYS_SEARCH_USER_PATHS = NO;
				CLANG_ANALYZER_NONNULL = YES;
				CLANG_ANALYZER_NUMBER_OBJECT_CONVERSION = YES_AGGRESSIVE;
				CLANG_CXX_LANGUAGE_STANDARD = "gnu++17";
				CLANG_ENABLE_MODULES = YES;
				CLANG_ENABLE_OBJC_ARC = YES;
				CLANG_ENABLE_OBJC_WEAK = YES;
				CLANG_WARN_BLOCK_CAPTURE_AUTORELEASING = YES;
				CLANG_WARN_BOOL_CONVERSION = YES;
				CLANG_WARN_COMMA = YES;
				CLANG_WARN_CONSTANT_CONVERSION = YES;
				CLANG_WARN_DEPRECATED_OBJC_IMPLEMENTATIONS = YES;
				CLANG_WARN_DIRECT_OBJC_ISA_USAGE = YES_ERROR;
				CLANG_WARN_DOCUMENTATION_COMMENTS = YES;
				CLANG_WARN_EMPTY_BODY = YES;
				CLANG_WARN_ENUM_CONVERSION = YES;
				CLANG_WARN_INFINITE_RECURSION = YES;
				CLANG_WARN_INT_CONVERSION = YES;
				CLANG_WARN_NON_LITERAL_NULL_CONVERSION = YES;
				CLANG_WARN_OBJC_IMPLICIT_RETAIN_SELF = YES;
				CLANG_WARN_OBJC_LITERAL_CONVERSION = YES;
				CLANG_WARN_OBJC_ROOT_CLASS = YES_ERROR;
				CLANG_WARN_QUOTED_INCLUDE_IN_FRAMEWORK_HEADER = YES;
				CLANG_WARN_RANGE_LOOP_ANALYSIS = YES;
				CLANG_WARN_STRICT_PROTOTYPES = YES;
				CLANG_WARN_SUSPICIOUS_MOVE = YES;
				CLANG_WARN_UNGUARDED_AVAILABILITY = YES_AGGRESSIVE;
				CLANG_WARN_UNREACHABLE_CODE = YES;
				CLANG_WARN__DUPLICATE_METHOD_MATCH = YES;
				COPY_PHASE_STRIP = NO;
				DEBUG_INFORMATION_FORMAT = dwarf;
				ENABLE_STRICT_OBJC_MSGSEND = YES;
				ENABLE_TESTABILITY = YES;
				GCC_C_LANGUAGE_STANDARD = gnu11;
				GCC_DYNAMIC_NO_PIC = YES;
				GCC_NO_COMMON_BLOCKS = YES;
				GCC_OPTIMIZATION_LEVEL = 0;
				GCC_PREPROCESSOR_DEFINITIONS = (
					"DEBUG=1",
					"$(inherited)",
				);
				GCC_WARN_64_TO_32_BIT_CONVERSION = YES;
				GCC_WARN_ABOUT_RETURN_TYPE = YES_ERROR;
				GCC_WARN_UNDECLARED_SELECTOR = YES;
				GCC_WARN_UNINITIALIZED_AUTOS = YES_AGGRESSIVE;
				GCC_WARN_UNUSED_FUNCTION = YES;
				GCC_WARN_UNUSED_VARIABLE = YES;
				IPHONEOS_DEPLOYMENT_TARGET = 15.4;
				MTL_ENABLE_DEBUG_INFO = INCLUDE_SOURCE;
				MTL_FAST_MATH = YES;
				ONLY_ACTIVE_ARCH = YES;
				SDKROOT = iphoneos;
				SWIFT_ACTIVE_COMPILATION_CONDITIONS = DEBUG;
				SWIFT_OPTIMIZATION_LEVEL = "-Onone";
			};
			name = Debug;
		};
		463154F7287B13F000AE0FC5 /* Release */ = {
			isa = XCBuildConfiguration;
			buildSettings = {
				ALWAYS_SEARCH_USER_PATHS = NO;
				CLANG_ANALYZER_NONNULL = YES;
				CLANG_ANALYZER_NUMBER_OBJECT_CONVERSION = YES_AGGRESSIVE;
				CLANG_CXX_LANGUAGE_STANDARD = "gnu++17";
				CLANG_ENABLE_MODULES = YES;
				CLANG_ENABLE_OBJC_ARC = YES;
				CLANG_ENABLE_OBJC_WEAK = YES;
				CLANG_WARN_BLOCK_CAPTURE_AUTORELEASING = YES;
				CLANG_WARN_BOOL_CONVERSION = YES;
				CLANG_WARN_COMMA = YES;
				CLANG_WARN_CONSTANT_CONVERSION = YES;
				CLANG_WARN_DEPRECATED_OBJC_IMPLEMENTATIONS = YES;
				CLANG_WARN_DIRECT_OBJC_ISA_USAGE = YES_ERROR;
				CLANG_WARN_DOCUMENTATION_COMMENTS = YES;
				CLANG_WARN_EMPTY_BODY = YES;
				CLANG_WARN_ENUM_CONVERSION = YES;
				CLANG_WARN_INFINITE_RECURSION = YES;
				CLANG_WARN_INT_CONVERSION = YES;
				CLANG_WARN_NON_LITERAL_NULL_CONVERSION = YES;
				CLANG_WARN_OBJC_IMPLICIT_RETAIN_SELF = YES;
				CLANG_WARN_OBJC_LITERAL_CONVERSION = YES;
				CLANG_WARN_OBJC_ROOT_CLASS = YES_ERROR;
				CLANG_WARN_QUOTED_INCLUDE_IN_FRAMEWORK_HEADER = YES;
				CLANG_WARN_RANGE_LOOP_ANALYSIS = YES;
				CLANG_WARN_STRICT_PROTOTYPES = YES;
				CLANG_WARN_SUSPICIOUS_MOVE = YES;
				CLANG_WARN_UNGUARDED_AVAILABILITY = YES_AGGRESSIVE;
				CLANG_WARN_UNREACHABLE_CODE = YES;
				CLANG_WARN__DUPLICATE_METHOD_MATCH = YES;
				COPY_PHASE_STRIP = NO;
				DEBUG_INFORMATION_FORMAT = "dwarf-with-dsym";
				ENABLE_NS_ASSERTIONS = NO;
				ENABLE_STRICT_OBJC_MSGSEND = YES;
				GCC_C_LANGUAGE_STANDARD = gnu11;
				GCC_DYNAMIC_NO_PIC = YES;
				GCC_NO_COMMON_BLOCKS = YES;
				GCC_WARN_64_TO_32_BIT_CONVERSION = YES;
				GCC_WARN_ABOUT_RETURN_TYPE = YES_ERROR;
				GCC_WARN_UNDECLARED_SELECTOR = YES;
				GCC_WARN_UNINITIALIZED_AUTOS = YES_AGGRESSIVE;
				GCC_WARN_UNUSED_FUNCTION = YES;
				GCC_WARN_UNUSED_VARIABLE = YES;
				IPHONEOS_DEPLOYMENT_TARGET = 15.4;
				MTL_ENABLE_DEBUG_INFO = NO;
				MTL_FAST_MATH = YES;
				SDKROOT = iphoneos;
				SWIFT_COMPILATION_MODE = wholemodule;
				SWIFT_OPTIMIZATION_LEVEL = "-O";
				VALIDATE_PRODUCT = YES;
			};
			name = Release;
		};
		463154F9287B13F000AE0FC5 /* Debug */ = {
			isa = XCBuildConfiguration;
			baseConfigurationReference = DE4C232F10E96B37C492B7E2 /* Pods-Places.debug.xcconfig */;
			buildSettings = {
				ASSETCATALOG_COMPILER_APPICON_NAME = AppIcon;
				ASSETCATALOG_COMPILER_GLOBAL_ACCENT_COLOR_NAME = AccentColor;
				CODE_SIGN_STYLE = Automatic;
				CURRENT_PROJECT_VERSION = 1;
				DEVELOPMENT_TEAM = VWXQ68X2TQ;
				GENERATE_INFOPLIST_FILE = YES;
				INFOPLIST_FILE = Places/Info.plist;
				INFOPLIST_KEY_NSCameraUsageDescription = "$(PRODUCT_NAME) photo use";
				INFOPLIST_KEY_UIApplicationSupportsIndirectInputEvents = YES;
				INFOPLIST_KEY_UILaunchStoryboardName = LaunchScreen;
				INFOPLIST_KEY_UIMainStoryboardFile = Main;
				INFOPLIST_KEY_UISupportedInterfaceOrientations = UIInterfaceOrientationPortrait;
				INFOPLIST_KEY_UISupportedInterfaceOrientations_iPad = "UIInterfaceOrientationPortrait UIInterfaceOrientationPortraitUpsideDown UIInterfaceOrientationLandscapeLeft UIInterfaceOrientationLandscapeRight";
				INFOPLIST_KEY_UISupportedInterfaceOrientations_iPhone = "UIInterfaceOrientationPortrait UIInterfaceOrientationLandscapeLeft UIInterfaceOrientationLandscapeRight";
				IPHONEOS_DEPLOYMENT_TARGET = 15.0;
				LD_RUNPATH_SEARCH_PATHS = (
					"$(inherited)",
					"@executable_path/Frameworks",
				);
				MARKETING_VERSION = 1.0;
				PRODUCT_BUNDLE_IDENTIFIER = goobanov.Places;
				PRODUCT_NAME = "$(TARGET_NAME)";
				SWIFT_EMIT_LOC_STRINGS = YES;
				SWIFT_VERSION = 5.0;
				TARGETED_DEVICE_FAMILY = 1;
			};
			name = Debug;
		};
		463154FA287B13F000AE0FC5 /* Release */ = {
			isa = XCBuildConfiguration;
			baseConfigurationReference = E00A7327995E2943ACFAF060 /* Pods-Places.release.xcconfig */;
			buildSettings = {
				ASSETCATALOG_COMPILER_APPICON_NAME = AppIcon;
				ASSETCATALOG_COMPILER_GLOBAL_ACCENT_COLOR_NAME = AccentColor;
				CODE_SIGN_STYLE = Automatic;
				CURRENT_PROJECT_VERSION = 1;
				DEVELOPMENT_TEAM = VWXQ68X2TQ;
				GENERATE_INFOPLIST_FILE = YES;
				INFOPLIST_FILE = Places/Info.plist;
				INFOPLIST_KEY_NSCameraUsageDescription = "$(PRODUCT_NAME) photo use";
				INFOPLIST_KEY_UIApplicationSupportsIndirectInputEvents = YES;
				INFOPLIST_KEY_UILaunchStoryboardName = LaunchScreen;
				INFOPLIST_KEY_UIMainStoryboardFile = Main;
				INFOPLIST_KEY_UISupportedInterfaceOrientations = UIInterfaceOrientationPortrait;
				INFOPLIST_KEY_UISupportedInterfaceOrientations_iPad = "UIInterfaceOrientationPortrait UIInterfaceOrientationPortraitUpsideDown UIInterfaceOrientationLandscapeLeft UIInterfaceOrientationLandscapeRight";
				INFOPLIST_KEY_UISupportedInterfaceOrientations_iPhone = "UIInterfaceOrientationPortrait UIInterfaceOrientationLandscapeLeft UIInterfaceOrientationLandscapeRight";
				IPHONEOS_DEPLOYMENT_TARGET = 15.0;
				LD_RUNPATH_SEARCH_PATHS = (
					"$(inherited)",
					"@executable_path/Frameworks",
				);
				MARKETING_VERSION = 1.0;
				PRODUCT_BUNDLE_IDENTIFIER = goobanov.Places;
				PRODUCT_NAME = "$(TARGET_NAME)";
				SWIFT_EMIT_LOC_STRINGS = YES;
				SWIFT_VERSION = 5.0;
				TARGETED_DEVICE_FAMILY = 1;
			};
			name = Release;
		};
/* End XCBuildConfiguration section */

/* Begin XCConfigurationList section */
		463154DF287B13ED00AE0FC5 /* Build configuration list for PBXProject "Places" */ = {
			isa = XCConfigurationList;
			buildConfigurations = (
				463154F6287B13F000AE0FC5 /* Debug */,
				463154F7287B13F000AE0FC5 /* Release */,
			);
			defaultConfigurationIsVisible = 0;
			defaultConfigurationName = Release;
		};
		463154F8287B13F000AE0FC5 /* Build configuration list for PBXNativeTarget "Places" */ = {
			isa = XCConfigurationList;
			buildConfigurations = (
				463154F9287B13F000AE0FC5 /* Debug */,
				463154FA287B13F000AE0FC5 /* Release */,
			);
			defaultConfigurationIsVisible = 0;
			defaultConfigurationName = Release;
		};
/* End XCConfigurationList section */

/* Begin XCRemoteSwiftPackageReference section */
		46F0A75628803D800003B236 /* XCRemoteSwiftPackageReference "realm-swift" */ = {
			isa = XCRemoteSwiftPackageReference;
			repositoryURL = "https://github.com/realm/realm-swift.git";
			requirement = {
				kind = exactVersion;
				version = 10.28.2;
			};
		};
/* End XCRemoteSwiftPackageReference section */
	};
	rootObject = 463154DC287B13ED00AE0FC5 /* Project object */;
}
